{
  "lockfile_version": "1",
  "packages": {
    "github:NixOS/nixpkgs/nixpkgs-unstable": {
      "last_modified": "2025-10-14T12:01:24Z",
      "resolved": "github:NixOS/nixpkgs/2ea123939c5cb71d2761896c27e475aeab266364?lastModified=1760443284&narHash=sha256-jDqjCfod2sCnsFSwTrHTU71El67OQ%2FXR2CDWcMR2JcY%3D"
    },
    "python312Packages.pyyaml@6.0.3": {
      "last_modified": "2025-10-22T20:59:19Z",
      "resolved": "github:NixOS/nixpkgs/01b6809f7f9d1183a2b3e081f0a1e6f8f415cb09#python312Packages.pyyaml",
      "source": "devbox-search",
      "version": "6.0.3",
      "systems": {
        "aarch64-darwin": {
          "outputs": [
            {
              "name": "out",
              "path": "/nix/store/rf9cs5813my3dskhcv085fy1y73s2i9h-python3.12-pyyaml-6.0.3",
              "default": true
            },
            {
              "name": "dist",
              "path": "/nix/store/zjhg1b16nn35pn3dq3j6ch6hlqcfygl3-python3.12-pyyaml-6.0.3-dist"
            }
          ],
          "store_path": "/nix/store/rf9cs5813my3dskhcv085fy1y73s2i9h-python3.12-pyyaml-6.0.3"
        },
        "aarch64-linux": {
          "outputs": [
            {
              "name": "out",
              "path": "/nix/store/09l2602dx9vsqd7p2ffrqn0a1zm6kvrh-python3.12-pyyaml-6.0.3",
              "default": true
            },
            {
              "name": "dist",
              "path": "/nix/store/nipyl0nw0bgfzp5lfiwzxmfy7lwqfbs8-python3.12-pyyaml-6.0.3-dist"
            }
          ],
          "store_path": "/nix/store/09l2602dx9vsqd7p2ffrqn0a1zm6kvrh-python3.12-pyyaml-6.0.3"
        },
        "x86_64-darwin": {
          "outputs": [
            {
              "name": "out",
              "path": "/nix/store/gq8lgxfshyac96q756hbrz4cwn0wdxib-python3.12-pyyaml-6.0.3",
              "default": true
            },
            {
              "name": "dist",
              "path": "/nix/store/n0cj5mmd5c2fk7gkvc4sizfcdz2dhd0r-python3.12-pyyaml-6.0.3-dist"
            }
          ],
          "store_path": "/nix/store/gq8lgxfshyac96q756hbrz4cwn0wdxib-python3.12-pyyaml-6.0.3"
        },
        "x86_64-linux": {
          "outputs": [
            {
              "name": "out",
              "path": "/nix/store/xlifd64h55ilxhf2hn4b9frx4dh4m5xh-python3.12-pyyaml-6.0.3",
              "default": true
            },
            {
              "name": "dist",
              "path": "/nix/store/68j8kn5dns92lhbxdfh1riy0j050qh9g-python3.12-pyyaml-6.0.3-dist"
            }
          ],
          "store_path": "/nix/store/xlifd64h55ilxhf2hn4b9frx4dh4m5xh-python3.12-pyyaml-6.0.3"
        }
      }
    },
    "python@3.14": {
      "last_modified": "2026-05-21T08:15:18Z",
      "plugin_version": "0.0.4",
      "resolved": "github:NixOS/nixpkgs/4a29d733e8a7d5b824c3d8c958a946a9867b3eb2#python314",
      "source": "devbox-search",
      "version": "3.14.4",
      "systems": {
        "aarch64-darwin": {
          "outputs": [
            {
              "name": "out",
              "path": "/nix/store/aqilljq85wr5srwy6a9qj0q6qzgb72kn-python3-3.14.4",
              "default": true
            }
          ],
          "store_path": "/nix/store/aqilljq85wr5srwy6a9qj0q6qzgb72kn-python3-3.14.4"
        },
        "aarch64-linux": {
          "outputs": [
            {
              "name": "out",
              "path": "/nix/store/rl4kma7jrdrmy725x7369n7wlmdy9is6-python3-3.14.4",
              "default": true
            },
            {
              "name": "debug",
              "path": "/nix/store/kcvqf2fc6w30g6rf3ycq5h8dyq078vrk-python3-3.14.4-debug"
            }
          ],
          "store_path": "/nix/store/rl4kma7jrdrmy725x7369n7wlmdy9is6-python3-3.14.4"
        },
        "x86_64-darwin": {
          "outputs": [
            {
              "name": "out",
              "path": "/nix/store/jcdipgz053jzsn8j9409d5r751gzh2m2-python3-3.14.4",
              "default": true
            }
          ],
          "store_path": "/nix/store/jcdipgz053jzsn8j9409d5r751gzh2m2-python3-3.14.4"
        },
        "x86_64-linux": {
          "outputs": [
            {
              "name": "out",
              "path": "/nix/store/zrx2128nk8aadnvhjc3n8za9hw08hqx9-python3-3.14.4",
              "default": true
            },
            {
              "name": "debug",
              "path": "/nix/store/nszab758wrnjv9qfi5a5xghqkdwj3pzc-python3-3.14.4-debug"
            }
          ],
          "store_path": "/nix/store/zrx2128nk8aadnvhjc3n8za9hw08hqx9-python3-3.14.4"
        }
      }
    },
    "wget@latest": {
      "last_modified": "2025-10-07T08:41:47Z",
      "resolved": "github:NixOS/nixpkgs/bce5fe2bb998488d8e7e7856315f90496723793c#wget",
      "source": "devbox-search",
      "version": "1.25.0",
      "systems": {
        "aarch64-darwin": {
          "outputs": [
            {
              "name": "out",
              "path": "/nix/store/70ypzkk84z28fdzjb89x4df6f1y1fw8b-wget-1.25.0",
              "default": true
            }
          ],
          "store_path": "/nix/store/70ypzkk84z28fdzjb89x4df6f1y1fw8b-wget-1.25.0"
        },
        "aarch64-linux": {
          "outputs": [
            {
              "name": "out",
              "path": "/nix/store/z02w3mi93b3acyqv32bjyr6dlrqmi5am-wget-1.25.0",
              "default": true
            }
          ],
          "store_path": "/nix/store/z02w3mi93b3acyqv32bjyr6dlrqmi5am-wget-1.25.0"
        },
        "x86_64-darwin": {
          "outputs": [
            {
              "name": "out",
              "path": "/nix/store/0q0w9xd7wn1h3fmijki3zranb1088c9b-wget-1.25.0",
              "default": true
            }
          ],
          "store_path": "/nix/store/0q0w9xd7wn1h3fmijki3zranb1088c9b-wget-1.25.0"
        },
        "x86_64-linux": {
          "outputs": [
            {
              "name": "out",
              "path": "/nix/store/81rjz4ydfpg9f8p8snjk07y9dqfy2ssr-wget-1.25.0",
              "default": true
            }
          ],
          "store_path": "/nix/store/81rjz4ydfpg9f8p8snjk07y9dqfy2ssr-wget-1.25.0"
        }
      }
    },
    "yq@latest": {
      "last_modified": "2025-10-07T08:41:47Z",
      "resolved": "github:NixOS/nixpkgs/bce5fe2bb998488d8e7e7856315f90496723793c#yq",
      "source": "devbox-search",
      "version": "3.4.3",
      "systems": {
        "aarch64-darwin": {
          "outputs": [
            {
              "name": "out",
              "path": "/nix/store/akc2aqj1w69pg3j6xzzmc5sslb8gzl75-python3.13-yq-3.4.3",
              "default": true
            },
            {
              "name": "dist",
              "path": "/nix/store/sjlaz5lj6wd16xl7ci2gf1xrpihrybzj-python3.13-yq-3.4.3-dist"
            }
          ],
          "store_path": "/nix/store/akc2aqj1w69pg3j6xzzmc5sslb8gzl75-python3.13-yq-3.4.3"
        },
        "aarch64-linux": {
          "outputs": [
            {
              "name": "out",
              "path": "/nix/store/fjbkapgdyh1wyjc87mvifp820lk2qcn4-python3.13-yq-3.4.3",
              "default": true
            },
            {
              "name": "dist",
              "path": "/nix/store/a18i4ydlj243dbvyl5lw83kran83sqvi-python3.13-yq-3.4.3-dist"
            }
          ],
          "store_path": "/nix/store/fjbkapgdyh1wyjc87mvifp820lk2qcn4-python3.13-yq-3.4.3"
        },
        "x86_64-darwin": {
          "outputs": [
            {
              "name": "out",
              "path": "/nix/store/ppdl4m1647x1pjd4925s827841j0s003-python3.13-yq-3.4.3",
              "default": true
            },
            {
              "name": "dist",
              "path": "/nix/store/rjc2cbr545y5vfk8qqffg8wf8f4j7ba3-python3.13-yq-3.4.3-dist"
            }
          ],
          "store_path": "/nix/store/ppdl4m1647x1pjd4925s827841j0s003-python3.13-yq-3.4.3"
        },
        "x86_64-linux": {
          "outputs": [
            {
              "name": "out",
              "path": "/nix/store/7k0rxfa8k34h34hwp00rs4krwyp8wpvz-python3.13-yq-3.4.3",
              "default": true
            },
            {
              "name": "dist",
              "path": "/nix/store/db5rkz22xjsh2zfqarq3850pk134d66g-python3.13-yq-3.4.3-dist"
            }
          ],
          "store_path": "/nix/store/7k0rxfa8k34h34hwp00rs4krwyp8wpvz-python3.13-yq-3.4.3"
        }
      }
    }
  }
}
